
Microsoft Visual Studio Solution File, Format Version 12.00
# Visual Studio Version 17
VisualStudioVersion = 17.7.33808.371
MinimumVisualStudioVersion = 10.0.40219.1
Project("{FAE04EC0-301F-11D3-BF4B-00C04F79EFBC}") = "DataBindingInBlazor", "DataBindingInBlazor\DataBindingInBlazor.csproj", "{B55860AE-85BB-49F7-81D0-80C41C662171}"
EndProject
Global
	GlobalSection(SolutionConfigurationPlatforms) = preSolution
		Debug|Any CPU = Debug|Any CPU
		Release|Any CPU = Release|Any CPU
	EndGlobalSection
	GlobalSection(ProjectConfigurationPlatforms) = postSolution
		{B55860AE-85BB-49F7-81D0-80C41C662171}.Debug|Any CPU.ActiveCfg = Debug|Any CPU
		{B55860AE-85BB-49F7-81D0-80C41C662171}.Debug|Any CPU.Build.0 = Debug|Any CPU
		{B55860AE-85BB-49F7-81D0-80C41C662171}.Release|Any CPU.ActiveCfg = Release|Any CPU
		{B55860AE-85BB-49F7-81D0-80C41C662171}.Release|Any CPU.Build.0 = Release|Any CPU
	EndGlobalSection
	GlobalSection(SolutionProperties) = preSolution
		HideSolutionNode = FALSE
	EndGlobalSection
	GlobalSection(ExtensibilityGlobals) = postSolution
		SolutionGuid = {C2FABAF4-A0C8-4220-972A-E6B05AA5FDB6}
	EndGlobalSection
EndGlobal
